// !$*UTF8*$!
{
	archiveVersion = 1;
	classes = {
	};
	objectVersion = 46;
	objects = {

/* Begin PBXBuildFile section */
		DF2345591AC96F5200FB0043 /* MovieSearchTableViewController.swift in Sources */ = {isa = PBXBuildFile; fileRef = DF2345581AC96F5200FB0043 /* MovieSearchTableViewController.swift */; };
		DF3866481AC9A23400F98D3E /* MovieViewController.swift in Sources */ = {isa = PBXBuildFile; fileRef = DF3866471AC9A23400F98D3E /* MovieViewController.swift */; };
		DF3866591AC9C15000F98D3E /* alittlechaos.jpg in Resources */ = {isa = PBXBuildFile; fileRef = DF38664A1AC9C15000F98D3E /* alittlechaos.jpg */; };
		DF38665A1AC9C15000F98D3E /* americansnipper.jpg in Resources */ = {isa = PBXBuildFile; fileRef = DF38664B1AC9C15000F98D3E /* americansnipper.jpg */; };
		DF38665B1AC9C15000F98D3E /* annie.jpg in Resources */ = {isa = PBXBuildFile; fileRef = DF38664C1AC9C15000F98D3E /* annie.jpg */; };
		DF38665C1AC9C15000F98D3E /* avengers-ageofultron.jpg in Resources */ = {isa = PBXBuildFile; fileRef = DF38664D1AC9C15000F98D3E /* avengers-ageofultron.jpg */; };
		DF38665D1AC9C15000F98D3E /* bigeyes.jpg in Resources */ = {isa = PBXBuildFile; fileRef = DF38664E1AC9C15000F98D3E /* bigeyes.jpg */; };
		DF38665E1AC9C15000F98D3E /* bighero6.jpg in Resources */ = {isa = PBXBuildFile; fileRef = DF38664F1AC9C15000F98D3E /* bighero6.jpg */; };
		DF38665F1AC9C15000F98D3E /* birdman.jpg in Resources */ = {isa = PBXBuildFile; fileRef = DF3866501AC9C15000F98D3E /* birdman.jpg */; };
		DF3866601AC9C15000F98D3E /* chappie.jpg in Resources */ = {isa = PBXBuildFile; fileRef = DF3866511AC9C15000F98D3E /* chappie.jpg */; };
		DF3866611AC9C15000F98D3E /* cinderella.jpg in Resources */ = {isa = PBXBuildFile; fileRef = DF3866521AC9C15000F98D3E /* cinderella.jpg */; };
		DF3866621AC9C15000F98D3E /* crazybeautifulyou.jpg in Resources */ = {isa = PBXBuildFile; fileRef = DF3866531AC9C15000F98D3E /* crazybeautifulyou.jpg */; };
		DF3866631AC9C15000F98D3E /* fast&furious7.jpg in Resources */ = {isa = PBXBuildFile; fileRef = DF3866541AC9C15000F98D3E /* fast&furious7.jpg */; };
		DF3866641AC9C15000F98D3E /* fiftyshadesofgrey.jpg in Resources */ = {isa = PBXBuildFile; fileRef = DF3866551AC9C15000F98D3E /* fiftyshadesofgrey.jpg */; };
		DF3866651AC9C15000F98D3E /* focus.jpg in Resources */ = {isa = PBXBuildFile; fileRef = DF3866561AC9C15000F98D3E /* focus.jpg */; };
		DF3866661AC9C15000F98D3E /* gethard.jpg in Resources */ = {isa = PBXBuildFile; fileRef = DF3866571AC9C15000F98D3E /* gethard.jpg */; };
		DF3866671AC9C15000F98D3E /* home.jpg in Resources */ = {isa = PBXBuildFile; fileRef = DF3866581AC9C15000F98D3E /* home.jpg */; };
		DF5003EC1ACBA99B00FFEA3A /* SessionGenerator.swift in Sources */ = {isa = PBXBuildFile; fileRef = DF5003EB1ACBA99B00FFEA3A /* SessionGenerator.swift */; };
		DF9B5CAC1AC6FAFB006C99B9 /* AppDelegate.swift in Sources */ = {isa = PBXBuildFile; fileRef = DF9B5CAB1AC6FAFB006C99B9 /* AppDelegate.swift */; };
		DF9B5CB11AC6FAFB006C99B9 /* Main.storyboard in Resources */ = {isa = PBXBuildFile; fileRef = DF9B5CAF1AC6FAFB006C99B9 /* Main.storyboard */; };
		DF9B5CB31AC6FAFB006C99B9 /* Images.xcassets in Resources */ = {isa = PBXBuildFile; fileRef = DF9B5CB21AC6FAFB006C99B9 /* Images.xcassets */; };
		DF9B5CB61AC6FAFB006C99B9 /* LaunchScreen.xib in Resources */ = {isa = PBXBuildFile; fileRef = DF9B5CB41AC6FAFB006C99B9 /* LaunchScreen.xib */; };
		DF9B5CC21AC6FAFB006C99B9 /* Assignement1Tests.swift in Sources */ = {isa = PBXBuildFile; fileRef = DF9B5CC11AC6FAFB006C99B9 /* Assignement1Tests.swift */; };
		DF9B5CCF1AC6FCA0006C99B9 /* CinemaSearchTableViewController.swift in Sources */ = {isa = PBXBuildFile; fileRef = DF9B5CCE1AC6FCA0006C99B9 /* CinemaSearchTableViewController.swift */; };
		DF9B5CD11AC6FCB9006C99B9 /* CinemaModel.swift in Sources */ = {isa = PBXBuildFile; fileRef = DF9B5CD01AC6FCB9006C99B9 /* CinemaModel.swift */; };
		DF9B5CD31AC6FCDD006C99B9 /* MovieModel.swift in Sources */ = {isa = PBXBuildFile; fileRef = DF9B5CD21AC6FCDD006C99B9 /* MovieModel.swift */; };
		DF9B5CD51AC6FFC7006C99B9 /* Model.swift in Sources */ = {isa = PBXBuildFile; fileRef = DF9B5CD41AC6FFC7006C99B9 /* Model.swift */; };
		DF9B5CD91AC70CEC006C99B9 /* DBSimulator.swift in Sources */ = {isa = PBXBuildFile; fileRef = DF9B5CD81AC70CEC006C99B9 /* DBSimulator.swift */; };
		DF9B5CDD1AC73A8C006C99B9 /* SessionModel.swift in Sources */ = {isa = PBXBuildFile; fileRef = DF9B5CDC1AC73A8C006C99B9 /* SessionModel.swift */; };
/* End PBXBuildFile section */

/* Begin PBXContainerItemProxy section */
		DF9B5CBC1AC6FAFB006C99B9 /* PBXContainerItemProxy */ = {
			isa = PBXContainerItemProxy;
			containerPortal = DF9B5C9E1AC6FAFB006C99B9 /* Project object */;
			proxyType = 1;
			remoteGlobalIDString = DF9B5CA51AC6FAFB006C99B9;
			remoteInfo = Assignement1;
		};
/* End PBXContainerItemProxy section */

/* Begin PBXFileReference section */
		DF2345581AC96F5200FB0043 /* MovieSearchTableViewController.swift */ = {isa = PBXFileReference; fileEncoding = 4; lastKnownFileType = sourcecode.swift; path = MovieSearchTableViewController.swift; sourceTree = "<group>"; };
		DF3866471AC9A23400F98D3E /* MovieViewController.swift */ = {isa = PBXFileReference; fileEncoding = 4; lastKnownFileType = sourcecode.swift; path = MovieViewController.swift; sourceTree = "<group>"; };
		DF38664A1AC9C15000F98D3E /* alittlechaos.jpg */ = {isa = PBXFileReference; lastKnownFileType = image.jpeg; name = alittlechaos.jpg; path = ../../Images/alittlechaos.jpg; sourceTree = "<group>"; };
		DF38664B1AC9C15000F98D3E /* americansnipper.jpg */ = {isa = PBXFileReference; lastKnownFileType = image.jpeg; name = americansnipper.jpg; path = ../../Images/americansnipper.jpg; sourceTree = "<group>"; };
		DF38664C1AC9C15000F98D3E /* annie.jpg */ = {isa = PBXFileReference; lastKnownFileType = image.jpeg; name = annie.jpg; path = ../../Images/annie.jpg; sourceTree = "<group>"; };
		DF38664D1AC9C15000F98D3E /* avengers-ageofultron.jpg */ = {isa = PBXFileReference; lastKnownFileType = image.jpeg; name = "avengers-ageofultron.jpg"; path = "../../Images/avengers-ageofultron.jpg"; sourceTree = "<group>"; };
		DF38664E1AC9C15000F98D3E /* bigeyes.jpg */ = {isa = PBXFileReference; lastKnownFileType = image.jpeg; name = bigeyes.jpg; path = ../../Images/bigeyes.jpg; sourceTree = "<group>"; };
		DF38664F1AC9C15000F98D3E /* bighero6.jpg */ = {isa = PBXFileReference; lastKnownFileType = image.jpeg; name = bighero6.jpg; path = ../../Images/bighero6.jpg; sourceTree = "<group>"; };
		DF3866501AC9C15000F98D3E /* birdman.jpg */ = {isa = PBXFileReference; lastKnownFileType = image.jpeg; name = birdman.jpg; path = ../../Images/birdman.jpg; sourceTree = "<group>"; };
		DF3866511AC9C15000F98D3E /* chappie.jpg */ = {isa = PBXFileReference; lastKnownFileType = image.jpeg; name = chappie.jpg; path = ../../Images/chappie.jpg; sourceTree = "<group>"; };
		DF3866521AC9C15000F98D3E /* cinderella.jpg */ = {isa = PBXFileReference; lastKnownFileType = image.jpeg; name = cinderella.jpg; path = ../../Images/cinderella.jpg; sourceTree = "<group>"; };
		DF3866531AC9C15000F98D3E /* crazybeautifulyou.jpg */ = {isa = PBXFileReference; lastKnownFileType = image.jpeg; name = crazybeautifulyou.jpg; path = ../../Images/crazybeautifulyou.jpg; sourceTree = "<group>"; };
		DF3866541AC9C15000F98D3E /* fast&furious7.jpg */ = {isa = PBXFileReference; lastKnownFileType = image.jpeg; name = "fast&furious7.jpg"; path = "../../Images/fast&furious7.jpg"; sourceTree = "<group>"; };
		DF3866551AC9C15000F98D3E /* fiftyshadesofgrey.jpg */ = {isa = PBXFileReference; lastKnownFileType = image.jpeg; name = fiftyshadesofgrey.jpg; path = ../../Images/fiftyshadesofgrey.jpg; sourceTree = "<group>"; };
		DF3866561AC9C15000F98D3E /* focus.jpg */ = {isa = PBXFileReference; lastKnownFileType = image.jpeg; name = focus.jpg; path = ../../Images/focus.jpg; sourceTree = "<group>"; };
		DF3866571AC9C15000F98D3E /* gethard.jpg */ = {isa = PBXFileReference; lastKnownFileType = image.jpeg; name = gethard.jpg; path = ../../Images/gethard.jpg; sourceTree = "<group>"; };
		DF3866581AC9C15000F98D3E /* home.jpg */ = {isa = PBXFileReference; lastKnownFileType = image.jpeg; name = home.jpg; path = ../../Images/home.jpg; sourceTree = "<group>"; };
		DF5003EB1ACBA99B00FFEA3A /* SessionGenerator.swift */ = {isa = PBXFileReference; fileEncoding = 4; lastKnownFileType = sourcecode.swift; path = SessionGenerator.swift; sourceTree = "<group>"; };
		DF9B5CA61AC6FAFB006C99B9 /* Assignement1.app */ = {isa = PBXFileReference; explicitFileType = wrapper.application; includeInIndex = 0; path = Assignement1.app; sourceTree = BUILT_PRODUCTS_DIR; };
		DF9B5CAA1AC6FAFB006C99B9 /* Info.plist */ = {isa = PBXFileReference; lastKnownFileType = text.plist.xml; path = Info.plist; sourceTree = "<group>"; };
		DF9B5CAB1AC6FAFB006C99B9 /* AppDelegate.swift */ = {isa = PBXFileReference; lastKnownFileType = sourcecode.swift; path = AppDelegate.swift; sourceTree = "<group>"; };
		DF9B5CB01AC6FAFB006C99B9 /* Base */ = {isa = PBXFileReference; lastKnownFileType = file.storyboard; name = Base; path = Base.lproj/Main.storyboard; sourceTree = "<group>"; };
		DF9B5CB21AC6FAFB006C99B9 /* Images.xcassets */ = {isa = PBXFileReference; lastKnownFileType = folder.assetcatalog; path = Images.xcassets; sourceTree = "<group>"; };
		DF9B5CB51AC6FAFB006C99B9 /* Base */ = {isa = PBXFileReference; lastKnownFileType = file.xib; name = Base; path = Base.lproj/LaunchScreen.xib; sourceTree = "<group>"; };
		DF9B5CBB1AC6FAFB006C99B9 /* Assignement1Tests.xctest */ = {isa = PBXFileReference; explicitFileType = wrapper.cfbundle; includeInIndex = 0; path = Assignement1Tests.xctest; sourceTree = BUILT_PRODUCTS_DIR; };
		DF9B5CC01AC6FAFB006C99B9 /* Info.plist */ = {isa = PBXFileReference; lastKnownFileType = text.plist.xml; path = Info.plist; sourceTree = "<group>"; };
		DF9B5CC11AC6FAFB006C99B9 /* Assignement1Tests.swift */ = {isa = PBXFileReference; lastKnownFileType = sourcecode.swift; path = Assignement1Tests.swift; sourceTree = "<group>"; };
		DF9B5CCE1AC6FCA0006C99B9 /* CinemaSearchTableViewController.swift */ = {isa = PBXFileReference; fileEncoding = 4; lastKnownFileType = sourcecode.swift; path = CinemaSearchTableViewController.swift; sourceTree = "<group>"; };
		DF9B5CD01AC6FCB9006C99B9 /* CinemaModel.swift */ = {isa = PBXFileReference; fileEncoding = 4; lastKnownFileType = sourcecode.swift; path = CinemaModel.swift; sourceTree = "<group>"; };
		DF9B5CD21AC6FCDD006C99B9 /* MovieModel.swift */ = {isa = PBXFileReference; fileEncoding = 4; lastKnownFileType = sourcecode.swift; path = MovieModel.swift; sourceTree = "<group>"; };
		DF9B5CD41AC6FFC7006C99B9 /* Model.swift */ = {isa = PBXFileReference; fileEncoding = 4; lastKnownFileType = sourcecode.swift; path = Model.swift; sourceTree = "<group>"; };
		DF9B5CD81AC70CEC006C99B9 /* DBSimulator.swift */ = {isa = PBXFileReference; fileEncoding = 4; lastKnownFileType = sourcecode.swift; path = DBSimulator.swift; sourceTree = "<group>"; };
		DF9B5CDC1AC73A8C006C99B9 /* SessionModel.swift */ = {isa = PBXFileReference; fileEncoding = 4; lastKnownFileType = sourcecode.swift; path = SessionModel.swift; sourceTree = "<group>"; };
/* End PBXFileReference section */

/* Begin PBXFrameworksBuildPhase section */
		DF9B5CA31AC6FAFB006C99B9 /* Frameworks */ = {
			isa = PBXFrameworksBuildPhase;
			buildActionMask = 2147483647;
			files = (
			);
			runOnlyForDeploymentPostprocessing = 0;
		};
		DF9B5CB81AC6FAFB006C99B9 /* Frameworks */ = {
			isa = PBXFrameworksBuildPhase;
			buildActionMask = 2147483647;
			files = (
			);
			runOnlyForDeploymentPostprocessing = 0;
		};
/* End PBXFrameworksBuildPhase section */

/* Begin PBXGroup section */
		DF3866491AC9C13700F98D3E /* Images */ = {
			isa = PBXGroup;
			children = (
				DF38664A1AC9C15000F98D3E /* alittlechaos.jpg */,
				DF38664B1AC9C15000F98D3E /* americansnipper.jpg */,
				DF38664C1AC9C15000F98D3E /* annie.jpg */,
				DF38664D1AC9C15000F98D3E /* avengers-ageofultron.jpg */,
				DF38664E1AC9C15000F98D3E /* bigeyes.jpg */,
				DF38664F1AC9C15000F98D3E /* bighero6.jpg */,
				DF3866501AC9C15000F98D3E /* birdman.jpg */,
				DF3866511AC9C15000F98D3E /* chappie.jpg */,
				DF3866521AC9C15000F98D3E /* cinderella.jpg */,
				DF3866531AC9C15000F98D3E /* crazybeautifulyou.jpg */,
				DF3866541AC9C15000F98D3E /* fast&furious7.jpg */,
				DF3866551AC9C15000F98D3E /* fiftyshadesofgrey.jpg */,
				DF3866561AC9C15000F98D3E /* focus.jpg */,
				DF3866571AC9C15000F98D3E /* gethard.jpg */,
				DF3866581AC9C15000F98D3E /* home.jpg */,
			);
			name = Images;
			sourceTree = "<group>";
		};
		DF9B5C9D1AC6FAFB006C99B9 = {
			isa = PBXGroup;
			children = (
				DF9B5CA81AC6FAFB006C99B9 /* Assignement1 */,
				DF9B5CBE1AC6FAFB006C99B9 /* Assignement1Tests */,
				DF9B5CA71AC6FAFB006C99B9 /* Products */,
			);
			sourceTree = "<group>";
		};
		DF9B5CA71AC6FAFB006C99B9 /* Products */ = {
			isa = PBXGroup;
			children = (
				DF9B5CA61AC6FAFB006C99B9 /* Assignement1.app */,
				DF9B5CBB1AC6FAFB006C99B9 /* Assignement1Tests.xctest */,
			);
			name = Products;
			sourceTree = "<group>";
		};
		DF9B5CA81AC6FAFB006C99B9 /* Assignement1 */ = {
			isa = PBXGroup;
			children = (
				DF3866491AC9C13700F98D3E /* Images */,
				DF9B5CCD1AC6FC2E006C99B9 /* VIew */,
				DF9B5CCC1AC6FC29006C99B9 /* Model */,
				DF9B5CCB1AC6FC23006C99B9 /* Controller */,
				DF9B5CAB1AC6FAFB006C99B9 /* AppDelegate.swift */,
				DF9B5CB21AC6FAFB006C99B9 /* Images.xcassets */,
				DF9B5CB41AC6FAFB006C99B9 /* LaunchScreen.xib */,
				DF9B5CA91AC6FAFB006C99B9 /* Supporting Files */,
			);
			path = Assignement1;
			sourceTree = "<group>";
		};
		DF9B5CA91AC6FAFB006C99B9 /* Supporting Files */ = {
			isa = PBXGroup;
			children = (
				DF9B5CAA1AC6FAFB006C99B9 /* Info.plist */,
			);
			name = "Supporting Files";
			sourceTree = "<group>";
		};
		DF9B5CBE1AC6FAFB006C99B9 /* Assignement1Tests */ = {
			isa = PBXGroup;
			children = (
				DF9B5CC11AC6FAFB006C99B9 /* Assignement1Tests.swift */,
				DF9B5CBF1AC6FAFB006C99B9 /* Supporting Files */,
			);
			path = Assignement1Tests;
			sourceTree = "<group>";
		};
		DF9B5CBF1AC6FAFB006C99B9 /* Supporting Files */ = {
			isa = PBXGroup;
			children = (
				DF9B5CC01AC6FAFB006C99B9 /* Info.plist */,
			);
			name = "Supporting Files";
			sourceTree = "<group>";
		};
		DF9B5CCB1AC6FC23006C99B9 /* Controller */ = {
			isa = PBXGroup;
			children = (
				DF9B5CCE1AC6FCA0006C99B9 /* CinemaSearchTableViewController.swift */,
				DF2345581AC96F5200FB0043 /* MovieSearchTableViewController.swift */,
				DF3866471AC9A23400F98D3E /* MovieViewController.swift */,
			);
			name = Controller;
			sourceTree = "<group>";
		};
		DF9B5CCC1AC6FC29006C99B9 /* Model */ = {
			isa = PBXGroup;
			children = (
				DF9B5CD01AC6FCB9006C99B9 /* CinemaModel.swift */,
				DF9B5CD21AC6FCDD006C99B9 /* MovieModel.swift */,
				DF9B5CDC1AC73A8C006C99B9 /* SessionModel.swift */,
				DF9B5CD41AC6FFC7006C99B9 /* Model.swift */,
				DF9B5CD81AC70CEC006C99B9 /* DBSimulator.swift */,
				DF5003EB1ACBA99B00FFEA3A /* SessionGenerator.swift */,
			);
			name = Model;
			sourceTree = "<group>";
		};
		DF9B5CCD1AC6FC2E006C99B9 /* VIew */ = {
			isa = PBXGroup;
			children = (
				DF9B5CAF1AC6FAFB006C99B9 /* Main.storyboard */,
			);
			name = VIew;
			sourceTree = "<group>";
		};
/* End PBXGroup section */

/* Begin PBXNativeTarget section */
		DF9B5CA51AC6FAFB006C99B9 /* Assignement1 */ = {
			isa = PBXNativeTarget;
			buildConfigurationList = DF9B5CC51AC6FAFB006C99B9 /* Build configuration list for PBXNativeTarget "Assignement1" */;
			buildPhases = (
				DF9B5CA21AC6FAFB006C99B9 /* Sources */,
				DF9B5CA31AC6FAFB006C99B9 /* Frameworks */,
				DF9B5CA41AC6FAFB006C99B9 /* Resources */,
			);
			buildRules = (
			);
			dependencies = (
			);
			name = Assignement1;
			productName = Assignement1;
			productReference = DF9B5CA61AC6FAFB006C99B9 /* Assignement1.app */;
			productType = "com.apple.product-type.application";
		};
		DF9B5CBA1AC6FAFB006C99B9 /* Assignement1Tests */ = {
			isa = PBXNativeTarget;
			buildConfigurationList = DF9B5CC81AC6FAFB006C99B9 /* Build configuration list for PBXNativeTarget "Assignement1Tests" */;
			buildPhases = (
				DF9B5CB71AC6FAFB006C99B9 /* Sources */,
				DF9B5CB81AC6FAFB006C99B9 /* Frameworks */,
				DF9B5CB91AC6FAFB006C99B9 /* Resources */,
			);
			buildRules = (
			);
			dependencies = (
				DF9B5CBD1AC6FAFB006C99B9 /* PBXTargetDependency */,
			);
			name = Assignement1Tests;
			productName = Assignement1Tests;
			productReference = DF9B5CBB1AC6FAFB006C99B9 /* Assignement1Tests.xctest */;
			productType = "com.apple.product-type.bundle.unit-test";
		};
/* End PBXNativeTarget section */

/* Begin PBXProject section */
		DF9B5C9E1AC6FAFB006C99B9 /* Project object */ = {
			isa = PBXProject;
			attributes = {
				LastUpgradeCheck = 0610;
				ORGANIZATIONNAME = RMIT;
				TargetAttributes = {
					DF9B5CA51AC6FAFB006C99B9 = {
						CreatedOnToolsVersion = 6.1.1;
					};
					DF9B5CBA1AC6FAFB006C99B9 = {
						CreatedOnToolsVersion = 6.1.1;
						TestTargetID = DF9B5CA51AC6FAFB006C99B9;
					};
				};
			};
			buildConfigurationList = DF9B5CA11AC6FAFB006C99B9 /* Build configuration list for PBXProject "Assignement1" */;
			compatibilityVersion = "Xcode 3.2";
			developmentRegion = English;
			hasScannedForEncodings = 0;
			knownRegions = (
				en,
				Base,
			);
			mainGroup = DF9B5C9D1AC6FAFB006C99B9;
			productRefGroup = DF9B5CA71AC6FAFB006C99B9 /* Products */;
			projectDirPath = "";
			projectRoot = "";
			targets = (
				DF9B5CA51AC6FAFB006C99B9 /* Assignement1 */,
				DF9B5CBA1AC6FAFB006C99B9 /* Assignement1Tests */,
			);
		};
/* End PBXProject section */

/* Begin PBXResourcesBuildPhase section */
		DF9B5CA41AC6FAFB006C99B9 /* Resources */ = {
			isa = PBXResourcesBuildPhase;
			buildActionMask = 2147483647;
			files = (
				DF3866631AC9C15000F98D3E /* fast&furious7.jpg in Resources */,
				DF3866611AC9C15000F98D3E /* cinderella.jpg in Resources */,
				DF3866641AC9C15000F98D3E /* fiftyshadesofgrey.jpg in Resources */,
				DF38665E1AC9C15000F98D3E /* bighero6.jpg in Resources */,
				DF3866671AC9C15000F98D3E /* home.jpg in Resources */,
				DF38665A1AC9C15000F98D3E /* americansnipper.jpg in Resources */,
				DF3866591AC9C15000F98D3E /* alittlechaos.jpg in Resources */,
				DF38665D1AC9C15000F98D3E /* bigeyes.jpg in Resources */,
				DF9B5CB11AC6FAFB006C99B9 /* Main.storyboard in Resources */,
				DF3866651AC9C15000F98D3E /* focus.jpg in Resources */,
				DF3866601AC9C15000F98D3E /* chappie.jpg in Resources */,
				DF38665F1AC9C15000F98D3E /* birdman.jpg in Resources */,
				DF3866661AC9C15000F98D3E /* gethard.jpg in Resources */,
				DF9B5CB61AC6FAFB006C99B9 /* LaunchScreen.xib in Resources */,
				DF9B5CB31AC6FAFB006C99B9 /* Images.xcassets in Resources */,
				DF38665C1AC9C15000F98D3E /* avengers-ageofultron.jpg in Resources */,
				DF3866621AC9C15000F98D3E /* crazybeautifulyou.jpg in Resources */,
				DF38665B1AC9C15000F98D3E /* annie.jpg in Resources */,
			);
			runOnlyForDeploymentPostprocessing = 0;
		};
		DF9B5CB91AC6FAFB006C99B9 /* Resources */ = {
			isa = PBXResourcesBuildPhase;
			buildActionMask = 2147483647;
			files = (
			);
			runOnlyForDeploymentPostprocessing = 0;
		};
/* End PBXResourcesBuildPhase section */

/* Begin PBXSourcesBuildPhase section */
		DF9B5CA21AC6FAFB006C99B9 /* Sources */ = {
			isa = PBXSourcesBuildPhase;
			buildActionMask = 2147483647;
			files = (
				DF5003EC1ACBA99B00FFEA3A /* SessionGenerator.swift in Sources */,
				DF9B5CD91AC70CEC006C99B9 /* DBSimulator.swift in Sources */,
				DF9B5CD51AC6FFC7006C99B9 /* Model.swift in Sources */,
				DF9B5CD31AC6FCDD006C99B9 /* MovieModel.swift in Sources */,
				DF9B5CD11AC6FCB9006C99B9 /* CinemaModel.swift in Sources */,
				DF2345591AC96F5200FB0043 /* MovieSearchTableViewController.swift in Sources */,
				DF3866481AC9A23400F98D3E /* MovieViewController.swift in Sources */,
				DF9B5CCF1AC6FCA0006C99B9 /* CinemaSearchTableViewController.swift in Sources */,
				DF9B5CDD1AC73A8C006C99B9 /* SessionModel.swift in Sources */,
				DF9B5CAC1AC6FAFB006C99B9 /* AppDelegate.swift in Sources */,
			);
			runOnlyForDeploymentPostprocessing = 0;
		};
		DF9B5CB71AC6FAFB006C99B9 /* Sources */ = {
			isa = PBXSourcesBuildPhase;
			buildActionMask = 2147483647;
			files = (
				DF9B5CC21AC6FAFB006C99B9 /* Assignement1Tests.swift in Sources */,
			);
			runOnlyForDeploymentPostprocessing = 0;
		};
/* End PBXSourcesBuildPhase section */

/* Begin PBXTargetDependency section */
		DF9B5CBD1AC6FAFB006C99B9 /* PBXTargetDependency */ = {
			isa = PBXTargetDependency;
			target = DF9B5CA51AC6FAFB006C99B9 /* Assignement1 */;
			targetProxy = DF9B5CBC1AC6FAFB006C99B9 /* PBXContainerItemProxy */;
		};
/* End PBXTargetDependency section */

/* Begin PBXVariantGroup section */
		DF9B5CAF1AC6FAFB006C99B9 /* Main.storyboard */ = {
			isa = PBXVariantGroup;
			children = (
				DF9B5CB01AC6FAFB006C99B9 /* Base */,
			);
			name = Main.storyboard;
			sourceTree = "<group>";
		};
		DF9B5CB41AC6FAFB006C99B9 /* LaunchScreen.xib */ = {
			isa = PBXVariantGroup;
			children = (
				DF9B5CB51AC6FAFB006C99B9 /* Base */,
			);
			name = LaunchScreen.xib;
			sourceTree = "<group>";
		};
/* End PBXVariantGroup section */

/* Begin XCBuildConfiguration section */
		DF9B5CC31AC6FAFB006C99B9 /* Debug */ = {
			isa = XCBuildConfiguration;
			buildSettings = {
				ALWAYS_SEARCH_USER_PATHS = NO;
				CLANG_CXX_LANGUAGE_STANDARD = "gnu++0x";
				CLANG_CXX_LIBRARY = "libc++";
				CLANG_ENABLE_MODULES = YES;
				CLANG_ENABLE_OBJC_ARC = YES;
				CLANG_WARN_BOOL_CONVERSION = YES;
				CLANG_WARN_CONSTANT_CONVERSION = YES;
				CLANG_WARN_DIRECT_OBJC_ISA_USAGE = YES_ERROR;
				CLANG_WARN_EMPTY_BODY = YES;
				CLANG_WARN_ENUM_CONVERSION = YES;
				CLANG_WARN_INT_CONVERSION = YES;
				CLANG_WARN_OBJC_ROOT_CLASS = YES_ERROR;
				CLANG_WARN_UNREACHABLE_CODE = YES;
				CLANG_WARN__DUPLICATE_METHOD_MATCH = YES;
				"CODE_SIGN_IDENTITY[sdk=iphoneos*]" = "iPhone Developer";
				COPY_PHASE_STRIP = NO;
				ENABLE_STRICT_OBJC_MSGSEND = YES;
				GCC_C_LANGUAGE_STANDARD = gnu99;
				GCC_DYNAMIC_NO_PIC = NO;
				GCC_OPTIMIZATION_LEVEL = 0;
				GCC_PREPROCESSOR_DEFINITIONS = (
					"DEBUG=1",
					"$(inherited)",
				);
				GCC_SYMBOLS_PRIVATE_EXTERN = NO;
				GCC_WARN_64_TO_32_BIT_CONVERSION = YES;
				GCC_WARN_ABOUT_RETURN_TYPE = YES_ERROR;
				GCC_WARN_UNDECLARED_SELECTOR = YES;
				GCC_WARN_UNINITIALIZED_AUTOS = YES_AGGRESSIVE;
				GCC_WARN_UNUSED_FUNCTION = YES;
				GCC_WARN_UNUSED_VARIABLE = YES;
				IPHONEOS_DEPLOYMENT_TARGET = 8.1;
				MTL_ENABLE_DEBUG_INFO = YES;
				ONLY_ACTIVE_ARCH = YES;
				SDKROOT = iphoneos;
				SWIFT_OPTIMIZATION_LEVEL = "-Onone";
				TARGETED_DEVICE_FAMILY = "1,2";
			};
			name = Debug;
		};
		DF9B5CC41AC6FAFB006C99B9 /* Release */ = {
			isa = XCBuildConfiguration;
			buildSettings = {
				ALWAYS_SEARCH_USER_PATHS = NO;
				CLANG_CXX_LANGUAGE_STANDARD = "gnu++0x";
				CLANG_CXX_LIBRARY = "libc++";
				CLANG_ENABLE_MODULES = YES;
				CLANG_ENABLE_OBJC_ARC = YES;
				CLANG_WARN_BOOL_CONVERSION = YES;
				CLANG_WARN_CONSTANT_CONVERSION = YES;
				CLANG_WARN_DIRECT_OBJC_ISA_USAGE = YES_ERROR;
				CLANG_WARN_EMPTY_BODY = YES;
				CLANG_WARN_ENUM_CONVERSION = YES;
				CLANG_WARN_INT_CONVERSION = YES;
				CLANG_WARN_OBJC_ROOT_CLASS = YES_ERROR;
				CLANG_WARN_UNREACHABLE_CODE = YES;
				CLANG_WARN__DUPLICATE_METHOD_MATCH = YES;
				"CODE_SIGN_IDENTITY[sdk=iphoneos*]" = "iPhone Developer";
				COPY_PHASE_STRIP = YES;
				ENABLE_NS_ASSERTIONS = NO;
				ENABLE_STRICT_OBJC_MSGSEND = YES;
				GCC_C_LANGUAGE_STANDARD = gnu99;
				GCC_WARN_64_TO_32_BIT_CONVERSION = YES;
				GCC_WARN_ABOUT_RETURN_TYPE = YES_ERROR;
				GCC_WARN_UNDECLARED_SELECTOR = YES;
				GCC_WARN_UNINITIALIZED_AUTOS = YES_AGGRESSIVE;
				GCC_WARN_UNUSED_FUNCTION = YES;
				GCC_WARN_UNUSED_VARIABLE = YES;
				IPHONEOS_DEPLOYMENT_TARGET = 8.1;
				MTL_ENABLE_DEBUG_INFO = NO;
				SDKROOT = iphoneos;
				TARGETED_DEVICE_FAMILY = "1,2";
				VALIDATE_PRODUCT = YES;
			};
			name = Release;
		};
		DF9B5CC61AC6FAFB006C99B9 /* Debug */ = {
			isa = XCBuildConfiguration;
			buildSettings = {
				ASSETCATALOG_COMPILER_APPICON_NAME = AppIcon;
				INFOPLIST_FILE = Assignement1/Info.plist;
				LD_RUNPATH_SEARCH_PATHS = "$(inherited) @executable_path/Frameworks";
				PRODUCT_NAME = "$(TARGET_NAME)";
			};
			name = Debug;
		};
		DF9B5CC71AC6FAFB006C99B9 /* Release */ = {
			isa = XCBuildConfiguration;
			buildSettings = {
				ASSETCATALOG_COMPILER_APPICON_NAME = AppIcon;
				INFOPLIST_FILE = Assignement1/Info.plist;
				LD_RUNPATH_SEARCH_PATHS = "$(inherited) @executable_path/Frameworks";
				PRODUCT_NAME = "$(TARGET_NAME)";
			};
			name = Release;
		};
		DF9B5CC91AC6FAFB006C99B9 /* Debug */ = {
			isa = XCBuildConfiguration;
			buildSettings = {
				BUNDLE_LOADER = "$(TEST_HOST)";
				FRAMEWORK_SEARCH_PATHS = (
					"$(SDKROOT)/Developer/Library/Frameworks",
					"$(inherited)",
				);
				GCC_PREPROCESSOR_DEFINITIONS = (
					"DEBUG=1",
					"$(inherited)",
				);
				INFOPLIST_FILE = Assignement1Tests/Info.plist;
				LD_RUNPATH_SEARCH_PATHS = "$(inherited) @executable_path/Frameworks @loader_path/Frameworks";
				PRODUCT_NAME = "$(TARGET_NAME)";
				TEST_HOST = "$(BUILT_PRODUCTS_DIR)/Assignement1.app/Assignement1";
			};
			name = Debug;
		};
		DF9B5CCA1AC6FAFB006C99B9 /* Release */ = {
			isa = XCBuildConfiguration;
			buildSettings = {
				BUNDLE_LOADER = "$(TEST_HOST)";
				FRAMEWORK_SEARCH_PATHS = (
					"$(SDKROOT)/Developer/Library/Frameworks",
					"$(inherited)",
				);
				INFOPLIST_FILE = Assignement1Tests/Info.plist;
				LD_RUNPATH_SEARCH_PATHS = "$(inherited) @executable_path/Frameworks @loader_path/Frameworks";
				PRODUCT_NAME = "$(TARGET_NAME)";
				TEST_HOST = "$(BUILT_PRODUCTS_DIR)/Assignement1.app/Assignement1";
			};
			name = Release;
		};
/* End XCBuildConfiguration section */

/* Begin XCConfigurationList section */
		DF9B5CA11AC6FAFB006C99B9 /* Build configuration list for PBXProject "Assignement1" */ = {
			isa = XCConfigurationList;
			buildConfigurations = (
				DF9B5CC31AC6FAFB006C99B9 /* Debug */,
				DF9B5CC41AC6FAFB006C99B9 /* Release */,
			);
			defaultConfigurationIsVisible = 0;
			defaultConfigurationName = Release;
		};
		DF9B5CC51AC6FAFB006C99B9 /* Build configuration list for PBXNativeTarget "Assignement1" */ = {
			isa = XCConfigurationList;
			buildConfigurations = (
				DF9B5CC61AC6FAFB006C99B9 /* Debug */,
				DF9B5CC71AC6FAFB006C99B9 /* Release */,
			);
			defaultConfigurationIsVisible = 0;
			defaultConfigurationName = Release;
		};
		DF9B5CC81AC6FAFB006C99B9 /* Build configuration list for PBXNativeTarget "Assignement1Tests" */ = {
			isa = XCConfigurationList;
			buildConfigurations = (
				DF9B5CC91AC6FAFB006C99B9 /* Debug */,
				DF9B5CCA1AC6FAFB006C99B9 /* Release */,
			);
			defaultConfigurationIsVisible = 0;
			defaultConfigurationName = Release;
		};
/* End XCConfigurationList section */
	};
	rootObject = DF9B5C9E1AC6FAFB006C99B9 /* Project object */;
}
